
Microsoft Visual Studio Solution File, Format Version 11.00
# Visual Studio 2010
Project("{00D1A9C2-B5F0-4AF3-8072-F6C62B433612}") = "SqlProjTableOptions", "SqlProjTableOptions.sqlproj", "{12C418D5-C02D-4B90-B796-116AD58F6376}"
EndProject
Global
	GlobalSection(SolutionConfigurationPlatforms) = preSolution
		Debug|Any CPU = Debug|Any CPU
		Release|Any CPU = Release|Any CPU
	EndGlobalSection
	GlobalSection(ProjectConfigurationPlatforms) = postSolution
		{12C418D5-C02D-4B90-B796-116AD58F6376}.Debug|Any CPU.ActiveCfg = Debug|Any CPU
		{12C418D5-C02D-4B90-B796-116AD58F6376}.Debug|Any CPU.Build.0 = Debug|Any CPU
		{12C418D5-C02D-4B90-B796-116AD58F6376}.Debug|Any CPU.Deploy.0 = Debug|Any CPU
		{12C418D5-C02D-4B90-B796-116AD58F6376}.Release|Any CPU.ActiveCfg = Release|Any CPU
		{12C418D5-C02D-4B90-B796-116AD58F6376}.Release|Any CPU.Build.0 = Release|Any CPU
		{12C418D5-C02D-4B90-B796-116AD58F6376}.Release|Any CPU.Deploy.0 = Release|Any CPU
	EndGlobalSection
	GlobalSection(SolutionProperties) = preSolution
		HideSolutionNode = FALSE
	EndGlobalSection
EndGlobal
