
Microsoft Visual Studio Solution File, Format Version 11.00
# Visual Studio 2010
Project("{00D1A9C2-B5F0-4AF3-8072-F6C62B433612}") = "SqlProjAspNetDB", "SqlProjAspNetDB\SqlProjAspNetDB.sqlproj", "{9434C920-1A7D-442D-A883-5385AE07010B}"
EndProject
Global
	GlobalSection(SolutionConfigurationPlatforms) = preSolution
		Debug|Any CPU = Debug|Any CPU
		Release|Any CPU = Release|Any CPU
	EndGlobalSection
	GlobalSection(ProjectConfigurationPlatforms) = postSolution
		{9434C920-1A7D-442D-A883-5385AE07010B}.Debug|Any CPU.ActiveCfg = Debug|Any CPU
		{9434C920-1A7D-442D-A883-5385AE07010B}.Debug|Any CPU.Build.0 = Debug|Any CPU
		{9434C920-1A7D-442D-A883-5385AE07010B}.Debug|Any CPU.Deploy.0 = Debug|Any CPU
		{9434C920-1A7D-442D-A883-5385AE07010B}.Release|Any CPU.ActiveCfg = Release|Any CPU
		{9434C920-1A7D-442D-A883-5385AE07010B}.Release|Any CPU.Build.0 = Release|Any CPU
		{9434C920-1A7D-442D-A883-5385AE07010B}.Release|Any CPU.Deploy.0 = Release|Any CPU
	EndGlobalSection
	GlobalSection(SolutionProperties) = preSolution
		HideSolutionNode = FALSE
	EndGlobalSection
EndGlobal
