
Microsoft Visual Studio Solution File, Format Version 11.00
# Visual Studio 2010
Project("{00D1A9C2-B5F0-4AF3-8072-F6C62B433612}") = "DataWarehouse", "DataWarehouse\DataWarehouse.sqlproj", "{259A3932-E20C-42BD-88E7-567AF2B7CF2C}"
EndProject
Project("{00D1A9C2-B5F0-4AF3-8072-F6C62B433612}") = "ETL", "ETL\ETL.sqlproj", "{A85BEBE2-FAE9-4911-8184-63AEC9FC0BA9}"
EndProject
Global
	GlobalSection(SolutionConfigurationPlatforms) = preSolution
		Debug|Any CPU = Debug|Any CPU
		Release|Any CPU = Release|Any CPU
	EndGlobalSection
	GlobalSection(ProjectConfigurationPlatforms) = postSolution
		{259A3932-E20C-42BD-88E7-567AF2B7CF2C}.Debug|Any CPU.ActiveCfg = Debug|Any CPU
		{259A3932-E20C-42BD-88E7-567AF2B7CF2C}.Debug|Any CPU.Build.0 = Debug|Any CPU
		{259A3932-E20C-42BD-88E7-567AF2B7CF2C}.Debug|Any CPU.Deploy.0 = Debug|Any CPU
		{259A3932-E20C-42BD-88E7-567AF2B7CF2C}.Release|Any CPU.ActiveCfg = Release|Any CPU
		{259A3932-E20C-42BD-88E7-567AF2B7CF2C}.Release|Any CPU.Build.0 = Release|Any CPU
		{259A3932-E20C-42BD-88E7-567AF2B7CF2C}.Release|Any CPU.Deploy.0 = Release|Any CPU
		{A85BEBE2-FAE9-4911-8184-63AEC9FC0BA9}.Debug|Any CPU.ActiveCfg = Debug|Any CPU
		{A85BEBE2-FAE9-4911-8184-63AEC9FC0BA9}.Debug|Any CPU.Build.0 = Debug|Any CPU
		{A85BEBE2-FAE9-4911-8184-63AEC9FC0BA9}.Debug|Any CPU.Deploy.0 = Debug|Any CPU
		{A85BEBE2-FAE9-4911-8184-63AEC9FC0BA9}.Release|Any CPU.ActiveCfg = Release|Any CPU
		{A85BEBE2-FAE9-4911-8184-63AEC9FC0BA9}.Release|Any CPU.Build.0 = Release|Any CPU
		{A85BEBE2-FAE9-4911-8184-63AEC9FC0BA9}.Release|Any CPU.Deploy.0 = Release|Any CPU
	EndGlobalSection
	GlobalSection(SolutionProperties) = preSolution
		HideSolutionNode = FALSE
	EndGlobalSection
EndGlobal
